// !$*UTF8*$!
{
	archiveVersion = 1;
	classes = {
	};
	objectVersion = 56;
	objects = {

/* Begin PBXBuildFile section */
		E8C88CEF2C4945D000307E01 /* MoonshotApp.swift in Sources */ = {isa = PBXBuildFile; fileRef = E8C88CEE2C4945D000307E01 /* MoonshotApp.swift */; };
		E8C88CF12C4945D000307E01 /* ContentView.swift in Sources */ = {isa = PBXBuildFile; fileRef = E8C88CF02C4945D000307E01 /* ContentView.swift */; };
		E8C88CF32C4945D100307E01 /* Assets.xcassets in Resources */ = {isa = PBXBuildFile; fileRef = E8C88CF22C4945D100307E01 /* Assets.xcassets */; };
		E8C88CF62C4945D100307E01 /* Preview Assets.xcassets in Resources */ = {isa = PBXBuildFile; fileRef = E8C88CF52C4945D100307E01 /* Preview Assets.xcassets */; };
		E8C88D012C4A8CE300307E01 /* astronauts.json in Resources */ = {isa = PBXBuildFile; fileRef = E8C88D002C4A8CE300307E01 /* astronauts.json */; };
		E8C88D032C4A8CE700307E01 /* missions.json in Resources */ = {isa = PBXBuildFile; fileRef = E8C88D022C4A8CE700307E01 /* missions.json */; };
		E8C88D052C4A8D4D00307E01 /* Astronaut.swift in Sources */ = {isa = PBXBuildFile; fileRef = E8C88D042C4A8D4D00307E01 /* Astronaut.swift */; };
		E8C88D072C4A8D9400307E01 /* Bundle-Decodable.swift in Sources */ = {isa = PBXBuildFile; fileRef = E8C88D062C4A8D9400307E01 /* Bundle-Decodable.swift */; };
		E8C88D092C4A902700307E01 /* Mission.swift in Sources */ = {isa = PBXBuildFile; fileRef = E8C88D082C4A902700307E01 /* Mission.swift */; };
		E8C88D0B2C4A956100307E01 /* Color-Theme.swift in Sources */ = {isa = PBXBuildFile; fileRef = E8C88D0A2C4A956100307E01 /* Color-Theme.swift */; };
		E8C88D0D2C4A99F500307E01 /* MissionView.swift in Sources */ = {isa = PBXBuildFile; fileRef = E8C88D0C2C4A99F500307E01 /* MissionView.swift */; };
		E8C88D0F2C4BC96200307E01 /* AstronautView.swift in Sources */ = {isa = PBXBuildFile; fileRef = E8C88D0E2C4BC96200307E01 /* AstronautView.swift */; };
		E8C88D132C4BCE7900307E01 /* Divider.swift in Sources */ = {isa = PBXBuildFile; fileRef = E8C88D122C4BCE7900307E01 /* Divider.swift */; };
		E8C88D152C4BCEEB00307E01 /* CrewMemberSlider.swift in Sources */ = {isa = PBXBuildFile; fileRef = E8C88D142C4BCEEB00307E01 /* CrewMemberSlider.swift */; };
		E8C88D172C4BD1FA00307E01 /* MissionListView.swift in Sources */ = {isa = PBXBuildFile; fileRef = E8C88D162C4BD1FA00307E01 /* MissionListView.swift */; };
		E8C88D192C4BD20200307E01 /* MissionGridView.swift in Sources */ = {isa = PBXBuildFile; fileRef = E8C88D182C4BD20200307E01 /* MissionGridView.swift */; };
/* End PBXBuildFile section */

/* Begin PBXFileReference section */
		E8C88CEB2C4945D000307E01 /* Moonshot.app */ = {isa = PBXFileReference; explicitFileType = wrapper.application; includeInIndex = 0; path = Moonshot.app; sourceTree = BUILT_PRODUCTS_DIR; };
		E8C88CEE2C4945D000307E01 /* MoonshotApp.swift */ = {isa = PBXFileReference; lastKnownFileType = sourcecode.swift; path = MoonshotApp.swift; sourceTree = "<group>"; };
		E8C88CF02C4945D000307E01 /* ContentView.swift */ = {isa = PBXFileReference; lastKnownFileType = sourcecode.swift; path = ContentView.swift; sourceTree = "<group>"; };
		E8C88CF22C4945D100307E01 /* Assets.xcassets */ = {isa = PBXFileReference; lastKnownFileType = folder.assetcatalog; path = Assets.xcassets; sourceTree = "<group>"; };
		E8C88CF52C4945D100307E01 /* Preview Assets.xcassets */ = {isa = PBXFileReference; lastKnownFileType = folder.assetcatalog; path = "Preview Assets.xcassets"; sourceTree = "<group>"; };
		E8C88D002C4A8CE300307E01 /* astronauts.json */ = {isa = PBXFileReference; fileEncoding = 4; lastKnownFileType = text.json; path = astronauts.json; sourceTree = "<group>"; };
		E8C88D022C4A8CE700307E01 /* missions.json */ = {isa = PBXFileReference; fileEncoding = 4; lastKnownFileType = text.json; path = missions.json; sourceTree = "<group>"; };
		E8C88D042C4A8D4D00307E01 /* Astronaut.swift */ = {isa = PBXFileReference; lastKnownFileType = sourcecode.swift; path = Astronaut.swift; sourceTree = "<group>"; };
		E8C88D062C4A8D9400307E01 /* Bundle-Decodable.swift */ = {isa = PBXFileReference; lastKnownFileType = sourcecode.swift; path = "Bundle-Decodable.swift"; sourceTree = "<group>"; };
		E8C88D082C4A902700307E01 /* Mission.swift */ = {isa = PBXFileReference; lastKnownFileType = sourcecode.swift; path = Mission.swift; sourceTree = "<group>"; };
		E8C88D0A2C4A956100307E01 /* Color-Theme.swift */ = {isa = PBXFileReference; lastKnownFileType = sourcecode.swift; path = "Color-Theme.swift"; sourceTree = "<group>"; };
		E8C88D0C2C4A99F500307E01 /* MissionView.swift */ = {isa = PBXFileReference; lastKnownFileType = sourcecode.swift; path = MissionView.swift; sourceTree = "<group>"; };
		E8C88D0E2C4BC96200307E01 /* AstronautView.swift */ = {isa = PBXFileReference; lastKnownFileType = sourcecode.swift; path = AstronautView.swift; sourceTree = "<group>"; };
		E8C88D122C4BCE7900307E01 /* Divider.swift */ = {isa = PBXFileReference; lastKnownFileType = sourcecode.swift; path = Divider.swift; sourceTree = "<group>"; };
		E8C88D142C4BCEEB00307E01 /* CrewMemberSlider.swift */ = {isa = PBXFileReference; lastKnownFileType = sourcecode.swift; path = CrewMemberSlider.swift; sourceTree = "<group>"; };
		E8C88D162C4BD1FA00307E01 /* MissionListView.swift */ = {isa = PBXFileReference; lastKnownFileType = sourcecode.swift; path = MissionListView.swift; sourceTree = "<group>"; };
		E8C88D182C4BD20200307E01 /* MissionGridView.swift */ = {isa = PBXFileReference; lastKnownFileType = sourcecode.swift; path = MissionGridView.swift; sourceTree = "<group>"; };
/* End PBXFileReference section */

/* Begin PBXFrameworksBuildPhase section */
		E8C88CE82C4945D000307E01 /* Frameworks */ = {
			isa = PBXFrameworksBuildPhase;
			buildActionMask = 2147483647;
			files = (
			);
			runOnlyForDeploymentPostprocessing = 0;
		};
/* End PBXFrameworksBuildPhase section */

/* Begin PBXGroup section */
		E8C88CE22C4945D000307E01 = {
			isa = PBXGroup;
			children = (
				E8C88CED2C4945D000307E01 /* Moonshot */,
				E8C88CEC2C4945D000307E01 /* Products */,
			);
			sourceTree = "<group>";
		};
		E8C88CEC2C4945D000307E01 /* Products */ = {
			isa = PBXGroup;
			children = (
				E8C88CEB2C4945D000307E01 /* Moonshot.app */,
			);
			name = Products;
			sourceTree = "<group>";
		};
		E8C88CED2C4945D000307E01 /* Moonshot */ = {
			isa = PBXGroup;
			children = (
				E8C88CEE2C4945D000307E01 /* MoonshotApp.swift */,
				E8C88D002C4A8CE300307E01 /* astronauts.json */,
				E8C88D022C4A8CE700307E01 /* missions.json */,
				E8C88D082C4A902700307E01 /* Mission.swift */,
				E8C88CF02C4945D000307E01 /* ContentView.swift */,
				E8C88D162C4BD1FA00307E01 /* MissionListView.swift */,
				E8C88D182C4BD20200307E01 /* MissionGridView.swift */,
				E8C88D0C2C4A99F500307E01 /* MissionView.swift */,
				E8C88D142C4BCEEB00307E01 /* CrewMemberSlider.swift */,
				E8C88D122C4BCE7900307E01 /* Divider.swift */,
				E8C88D0E2C4BC96200307E01 /* AstronautView.swift */,
				E8C88D0A2C4A956100307E01 /* Color-Theme.swift */,
				E8C88D042C4A8D4D00307E01 /* Astronaut.swift */,
				E8C88D062C4A8D9400307E01 /* Bundle-Decodable.swift */,
				E8C88CF22C4945D100307E01 /* Assets.xcassets */,
				E8C88CF42C4945D100307E01 /* Preview Content */,
			);
			path = Moonshot;
			sourceTree = "<group>";
		};
		E8C88CF42C4945D100307E01 /* Preview Content */ = {
			isa = PBXGroup;
			children = (
				E8C88CF52C4945D100307E01 /* Preview Assets.xcassets */,
			);
			path = "Preview Content";
			sourceTree = "<group>";
		};
/* End PBXGroup section */

/* Begin PBXNativeTarget section */
		E8C88CEA2C4945D000307E01 /* Moonshot */ = {
			isa = PBXNativeTarget;
			buildConfigurationList = E8C88CF92C4945D100307E01 /* Build configuration list for PBXNativeTarget "Moonshot" */;
			buildPhases = (
				E8C88CE72C4945D000307E01 /* Sources */,
				E8C88CE82C4945D000307E01 /* Frameworks */,
				E8C88CE92C4945D000307E01 /* Resources */,
			);
			buildRules = (
			);
			dependencies = (
			);
			name = Moonshot;
			productName = Moonshot;
			productReference = E8C88CEB2C4945D000307E01 /* Moonshot.app */;
			productType = "com.apple.product-type.application";
		};
/* End PBXNativeTarget section */

/* Begin PBXProject section */
		E8C88CE32C4945D000307E01 /* Project object */ = {
			isa = PBXProject;
			attributes = {
				BuildIndependentTargetsInParallel = 1;
				LastSwiftUpdateCheck = 1540;
				LastUpgradeCheck = 1540;
				TargetAttributes = {
					E8C88CEA2C4945D000307E01 = {
						CreatedOnToolsVersion = 15.4;
					};
				};
			};
			buildConfigurationList = E8C88CE62C4945D000307E01 /* Build configuration list for PBXProject "Moonshot" */;
			compatibilityVersion = "Xcode 14.0";
			developmentRegion = en;
			hasScannedForEncodings = 0;
			knownRegions = (
				en,
				Base,
			);
			mainGroup = E8C88CE22C4945D000307E01;
			productRefGroup = E8C88CEC2C4945D000307E01 /* Products */;
			projectDirPath = "";
			projectRoot = "";
			targets = (
				E8C88CEA2C4945D000307E01 /* Moonshot */,
			);
		};
/* End PBXProject section */

/* Begin PBXResourcesBuildPhase section */
		E8C88CE92C4945D000307E01 /* Resources */ = {
			isa = PBXResourcesBuildPhase;
			buildActionMask = 2147483647;
			files = (
				E8C88D012C4A8CE300307E01 /* astronauts.json in Resources */,
				E8C88CF62C4945D100307E01 /* Preview Assets.xcassets in Resources */,
				E8C88D032C4A8CE700307E01 /* missions.json in Resources */,
				E8C88CF32C4945D100307E01 /* Assets.xcassets in Resources */,
			);
			runOnlyForDeploymentPostprocessing = 0;
		};
/* End PBXResourcesBuildPhase section */

/* Begin PBXSourcesBuildPhase section */
		E8C88CE72C4945D000307E01 /* Sources */ = {
			isa = PBXSourcesBuildPhase;
			buildActionMask = 2147483647;
			files = (
				E8C88D0D2C4A99F500307E01 /* MissionView.swift in Sources */,
				E8C88D052C4A8D4D00307E01 /* Astronaut.swift in Sources */,
				E8C88D0F2C4BC96200307E01 /* AstronautView.swift in Sources */,
				E8C88D192C4BD20200307E01 /* MissionGridView.swift in Sources */,
				E8C88D152C4BCEEB00307E01 /* CrewMemberSlider.swift in Sources */,
				E8C88D0B2C4A956100307E01 /* Color-Theme.swift in Sources */,
				E8C88CF12C4945D000307E01 /* ContentView.swift in Sources */,
				E8C88CEF2C4945D000307E01 /* MoonshotApp.swift in Sources */,
				E8C88D092C4A902700307E01 /* Mission.swift in Sources */,
				E8C88D172C4BD1FA00307E01 /* MissionListView.swift in Sources */,
				E8C88D132C4BCE7900307E01 /* Divider.swift in Sources */,
				E8C88D072C4A8D9400307E01 /* Bundle-Decodable.swift in Sources */,
			);
			runOnlyForDeploymentPostprocessing = 0;
		};
/* End PBXSourcesBuildPhase section */

/* Begin XCBuildConfiguration section */
		E8C88CF72C4945D100307E01 /* Debug */ = {
			isa = XCBuildConfiguration;
			buildSettings = {
				ALWAYS_SEARCH_USER_PATHS = NO;
				ASSETCATALOG_COMPILER_GENERATE_SWIFT_ASSET_SYMBOL_EXTENSIONS = YES;
				CLANG_ANALYZER_NONNULL = YES;
				CLANG_ANALYZER_NUMBER_OBJECT_CONVERSION = YES_AGGRESSIVE;
				CLANG_CXX_LANGUAGE_STANDARD = "gnu++20";
				CLANG_ENABLE_MODULES = YES;
				CLANG_ENABLE_OBJC_ARC = YES;
				CLANG_ENABLE_OBJC_WEAK = YES;
				CLANG_WARN_BLOCK_CAPTURE_AUTORELEASING = YES;
				CLANG_WARN_BOOL_CONVERSION = YES;
				CLANG_WARN_COMMA = YES;
				CLANG_WARN_CONSTANT_CONVERSION = YES;
				CLANG_WARN_DEPRECATED_OBJC_IMPLEMENTATIONS = YES;
				CLANG_WARN_DIRECT_OBJC_ISA_USAGE = YES_ERROR;
				CLANG_WARN_DOCUMENTATION_COMMENTS = YES;
				CLANG_WARN_EMPTY_BODY = YES;
				CLANG_WARN_ENUM_CONVERSION = YES;
				CLANG_WARN_INFINITE_RECURSION = YES;
				CLANG_WARN_INT_CONVERSION = YES;
				CLANG_WARN_NON_LITERAL_NULL_CONVERSION = YES;
				CLANG_WARN_OBJC_IMPLICIT_RETAIN_SELF = YES;
				CLANG_WARN_OBJC_LITERAL_CONVERSION = YES;
				CLANG_WARN_OBJC_ROOT_CLASS = YES_ERROR;
				CLANG_WARN_QUOTED_INCLUDE_IN_FRAMEWORK_HEADER = YES;
				CLANG_WARN_RANGE_LOOP_ANALYSIS = YES;
				CLANG_WARN_STRICT_PROTOTYPES = YES;
				CLANG_WARN_SUSPICIOUS_MOVE = YES;
				CLANG_WARN_UNGUARDED_AVAILABILITY = YES_AGGRESSIVE;
				CLANG_WARN_UNREACHABLE_CODE = YES;
				CLANG_WARN__DUPLICATE_METHOD_MATCH = YES;
				COPY_PHASE_STRIP = NO;
				DEBUG_INFORMATION_FORMAT = dwarf;
				ENABLE_STRICT_OBJC_MSGSEND = YES;
				ENABLE_TESTABILITY = YES;
				ENABLE_USER_SCRIPT_SANDBOXING = YES;
				GCC_C_LANGUAGE_STANDARD = gnu17;
				GCC_DYNAMIC_NO_PIC = NO;
				GCC_NO_COMMON_BLOCKS = YES;
				GCC_OPTIMIZATION_LEVEL = 0;
				GCC_PREPROCESSOR_DEFINITIONS = (
					"DEBUG=1",
					"$(inherited)",
				);
				GCC_WARN_64_TO_32_BIT_CONVERSION = YES;
				GCC_WARN_ABOUT_RETURN_TYPE = YES_ERROR;
				GCC_WARN_UNDECLARED_SELECTOR = YES;
				GCC_WARN_UNINITIALIZED_AUTOS = YES_AGGRESSIVE;
				GCC_WARN_UNUSED_FUNCTION = YES;
				GCC_WARN_UNUSED_VARIABLE = YES;
				IPHONEOS_DEPLOYMENT_TARGET = 17.5;
				LOCALIZATION_PREFERS_STRING_CATALOGS = YES;
				MTL_ENABLE_DEBUG_INFO = INCLUDE_SOURCE;
				MTL_FAST_MATH = YES;
				ONLY_ACTIVE_ARCH = YES;
				SDKROOT = iphoneos;
				SWIFT_ACTIVE_COMPILATION_CONDITIONS = "DEBUG $(inherited)";
				SWIFT_OPTIMIZATION_LEVEL = "-Onone";
			};
			name = Debug;
		};
		E8C88CF82C4945D100307E01 /* Release */ = {
			isa = XCBuildConfiguration;
			buildSettings = {
				ALWAYS_SEARCH_USER_PATHS = NO;
				ASSETCATALOG_COMPILER_GENERATE_SWIFT_ASSET_SYMBOL_EXTENSIONS = YES;
				CLANG_ANALYZER_NONNULL = YES;
				CLANG_ANALYZER_NUMBER_OBJECT_CONVERSION = YES_AGGRESSIVE;
				CLANG_CXX_LANGUAGE_STANDARD = "gnu++20";
				CLANG_ENABLE_MODULES = YES;
				CLANG_ENABLE_OBJC_ARC = YES;
				CLANG_ENABLE_OBJC_WEAK = YES;
				CLANG_WARN_BLOCK_CAPTURE_AUTORELEASING = YES;
				CLANG_WARN_BOOL_CONVERSION = YES;
				CLANG_WARN_COMMA = YES;
				CLANG_WARN_CONSTANT_CONVERSION = YES;
				CLANG_WARN_DEPRECATED_OBJC_IMPLEMENTATIONS = YES;
				CLANG_WARN_DIRECT_OBJC_ISA_USAGE = YES_ERROR;
				CLANG_WARN_DOCUMENTATION_COMMENTS = YES;
				CLANG_WARN_EMPTY_BODY = YES;
				CLANG_WARN_ENUM_CONVERSION = YES;
				CLANG_WARN_INFINITE_RECURSION = YES;
				CLANG_WARN_INT_CONVERSION = YES;
				CLANG_WARN_NON_LITERAL_NULL_CONVERSION = YES;
				CLANG_WARN_OBJC_IMPLICIT_RETAIN_SELF = YES;
				CLANG_WARN_OBJC_LITERAL_CONVERSION = YES;
				CLANG_WARN_OBJC_ROOT_CLASS = YES_ERROR;
				CLANG_WARN_QUOTED_INCLUDE_IN_FRAMEWORK_HEADER = YES;
				CLANG_WARN_RANGE_LOOP_ANALYSIS = YES;
				CLANG_WARN_STRICT_PROTOTYPES = YES;
				CLANG_WARN_SUSPICIOUS_MOVE = YES;
				CLANG_WARN_UNGUARDED_AVAILABILITY = YES_AGGRESSIVE;
				CLANG_WARN_UNREACHABLE_CODE = YES;
				CLANG_WARN__DUPLICATE_METHOD_MATCH = YES;
				COPY_PHASE_STRIP = NO;
				DEBUG_INFORMATION_FORMAT = "dwarf-with-dsym";
				ENABLE_NS_ASSERTIONS = NO;
				ENABLE_STRICT_OBJC_MSGSEND = YES;
				ENABLE_USER_SCRIPT_SANDBOXING = YES;
				GCC_C_LANGUAGE_STANDARD = gnu17;
				GCC_NO_COMMON_BLOCKS = YES;
				GCC_WARN_64_TO_32_BIT_CONVERSION = YES;
				GCC_WARN_ABOUT_RETURN_TYPE = YES_ERROR;
				GCC_WARN_UNDECLARED_SELECTOR = YES;
				GCC_WARN_UNINITIALIZED_AUTOS = YES_AGGRESSIVE;
				GCC_WARN_UNUSED_FUNCTION = YES;
				GCC_WARN_UNUSED_VARIABLE = YES;
				IPHONEOS_DEPLOYMENT_TARGET = 17.5;
				LOCALIZATION_PREFERS_STRING_CATALOGS = YES;
				MTL_ENABLE_DEBUG_INFO = NO;
				MTL_FAST_MATH = YES;
				SDKROOT = iphoneos;
				SWIFT_COMPILATION_MODE = wholemodule;
				VALIDATE_PRODUCT = YES;
			};
			name = Release;
		};
		E8C88CFA2C4945D100307E01 /* Debug */ = {
			isa = XCBuildConfiguration;
			buildSettings = {
				ASSETCATALOG_COMPILER_APPICON_NAME = AppIcon;
				ASSETCATALOG_COMPILER_GLOBAL_ACCENT_COLOR_NAME = AccentColor;
				CODE_SIGN_STYLE = Automatic;
				CURRENT_PROJECT_VERSION = 1;
				DEVELOPMENT_ASSET_PATHS = "\"Moonshot/Preview Content\"";
				ENABLE_PREVIEWS = YES;
				GENERATE_INFOPLIST_FILE = YES;
				INFOPLIST_KEY_UIApplicationSceneManifest_Generation = YES;
				INFOPLIST_KEY_UIApplicationSupportsIndirectInputEvents = YES;
				INFOPLIST_KEY_UILaunchScreen_Generation = YES;
				INFOPLIST_KEY_UISupportedInterfaceOrientations_iPad = "UIInterfaceOrientationPortrait UIInterfaceOrientationPortraitUpsideDown UIInterfaceOrientationLandscapeLeft UIInterfaceOrientationLandscapeRight";
				INFOPLIST_KEY_UISupportedInterfaceOrientations_iPhone = "UIInterfaceOrientationPortrait UIInterfaceOrientationLandscapeLeft UIInterfaceOrientationLandscapeRight";
				LD_RUNPATH_SEARCH_PATHS = (
					"$(inherited)",
					"@executable_path/Frameworks",
				);
				MARKETING_VERSION = 1.0;
				PRODUCT_BUNDLE_IDENTIFIER = dev.ayrtonparkinson.Moonshot;
				PRODUCT_NAME = "$(TARGET_NAME)";
				SWIFT_EMIT_LOC_STRINGS = YES;
				SWIFT_VERSION = 5.0;
				TARGETED_DEVICE_FAMILY = "1,2";
			};
			name = Debug;
		};
		E8C88CFB2C4945D100307E01 /* Release */ = {
			isa = XCBuildConfiguration;
			buildSettings = {
				ASSETCATALOG_COMPILER_APPICON_NAME = AppIcon;
				ASSETCATALOG_COMPILER_GLOBAL_ACCENT_COLOR_NAME = AccentColor;
				CODE_SIGN_STYLE = Automatic;
				CURRENT_PROJECT_VERSION = 1;
				DEVELOPMENT_ASSET_PATHS = "\"Moonshot/Preview Content\"";
				ENABLE_PREVIEWS = YES;
				GENERATE_INFOPLIST_FILE = YES;
				INFOPLIST_KEY_UIApplicationSceneManifest_Generation = YES;
				INFOPLIST_KEY_UIApplicationSupportsIndirectInputEvents = YES;
				INFOPLIST_KEY_UILaunchScreen_Generation = YES;
				INFOPLIST_KEY_UISupportedInterfaceOrientations_iPad = "UIInterfaceOrientationPortrait UIInterfaceOrientationPortraitUpsideDown UIInterfaceOrientationLandscapeLeft UIInterfaceOrientationLandscapeRight";
				INFOPLIST_KEY_UISupportedInterfaceOrientations_iPhone = "UIInterfaceOrientationPortrait UIInterfaceOrientationLandscapeLeft UIInterfaceOrientationLandscapeRight";
				LD_RUNPATH_SEARCH_PATHS = (
					"$(inherited)",
					"@executable_path/Frameworks",
				);
				MARKETING_VERSION = 1.0;
				PRODUCT_BUNDLE_IDENTIFIER = dev.ayrtonparkinson.Moonshot;
				PRODUCT_NAME = "$(TARGET_NAME)";
				SWIFT_EMIT_LOC_STRINGS = YES;
				SWIFT_VERSION = 5.0;
				TARGETED_DEVICE_FAMILY = "1,2";
			};
			name = Release;
		};
/* End XCBuildConfiguration section */

/* Begin XCConfigurationList section */
		E8C88CE62C4945D000307E01 /* Build configuration list for PBXProject "Moonshot" */ = {
			isa = XCConfigurationList;
			buildConfigurations = (
				E8C88CF72C4945D100307E01 /* Debug */,
				E8C88CF82C4945D100307E01 /* Release */,
			);
			defaultConfigurationIsVisible = 0;
			defaultConfigurationName = Release;
		};
		E8C88CF92C4945D100307E01 /* Build configuration list for PBXNativeTarget "Moonshot" */ = {
			isa = XCConfigurationList;
			buildConfigurations = (
				E8C88CFA2C4945D100307E01 /* Debug */,
				E8C88CFB2C4945D100307E01 /* Release */,
			);
			defaultConfigurationIsVisible = 0;
			defaultConfigurationName = Release;
		};
/* End XCConfigurationList section */
	};
	rootObject = E8C88CE32C4945D000307E01 /* Project object */;
}
